// !$*UTF8*$!
{
	archiveVersion = 1;
	classes = {
	};
	objectVersion = 46;
	objects = {

/* Begin PBXBuildFile section */
		0A0DF19618D4DCA000372732 /* Foundation.framework in Frameworks */ = {isa = PBXBuildFile; fileRef = 0A0DF19518D4DCA000372732 /* Foundation.framework */; };
		0A0DF19818D4DCA000372732 /* CoreGraphics.framework in Frameworks */ = {isa = PBXBuildFile; fileRef = 0A0DF19718D4DCA000372732 /* CoreGraphics.framework */; };
		0A0DF19A18D4DCA000372732 /* UIKit.framework in Frameworks */ = {isa = PBXBuildFile; fileRef = 0A0DF19918D4DCA000372732 /* UIKit.framework */; };
		0A0DF1A018D4DCA000372732 /* InfoPlist.strings in Resources */ = {isa = PBXBuildFile; fileRef = 0A0DF19E18D4DCA000372732 /* InfoPlist.strings */; };
		0A0DF1A218D4DCA000372732 /* main.m in Sources */ = {isa = PBXBuildFile; fileRef = 0A0DF1A118D4DCA000372732 /* main.m */; };
		0A0DF1A618D4DCA000372732 /* SLAppDelegate.m in Sources */ = {isa = PBXBuildFile; fileRef = 0A0DF1A518D4DCA000372732 /* SLAppDelegate.m */; };
		0A0DF1A818D4DCA000372732 /* Images.xcassets in Resources */ = {isa = PBXBuildFile; fileRef = 0A0DF1A718D4DCA000372732 /* Images.xcassets */; };
		0A0DF1AF18D4DCA000372732 /* XCTest.framework in Frameworks */ = {isa = PBXBuildFile; fileRef = 0A0DF1AE18D4DCA000372732 /* XCTest.framework */; };
		0A0DF1B018D4DCA000372732 /* Foundation.framework in Frameworks */ = {isa = PBXBuildFile; fileRef = 0A0DF19518D4DCA000372732 /* Foundation.framework */; };
		0A0DF1B118D4DCA000372732 /* UIKit.framework in Frameworks */ = {isa = PBXBuildFile; fileRef = 0A0DF19918D4DCA000372732 /* UIKit.framework */; };
		0A0DF1B918D4DCA000372732 /* InfoPlist.strings in Resources */ = {isa = PBXBuildFile; fileRef = 0A0DF1B718D4DCA000372732 /* InfoPlist.strings */; };
		0A0DF1BB18D4DCA000372732 /* SailTests.m in Sources */ = {isa = PBXBuildFile; fileRef = 0A0DF1BA18D4DCA000372732 /* SailTests.m */; };
		0A0DF1C618D4DEF700372732 /* SLMainTableViewController.m in Sources */ = {isa = PBXBuildFile; fileRef = 0A0DF1C518D4DEF700372732 /* SLMainTableViewController.m */; };
		0A0DF1C918D4DF6300372732 /* SLBin.m in Sources */ = {isa = PBXBuildFile; fileRef = 0A0DF1C818D4DF6300372732 /* SLBin.m */; };
		0A46C20818D4E387009D3339 /* SLBinCollectionView.m in Sources */ = {isa = PBXBuildFile; fileRef = 0A46C20718D4E387009D3339 /* SLBinCollectionView.m */; };
		0A46C20E18D4E41B009D3339 /* SLBinTableViewCell.m in Sources */ = {isa = PBXBuildFile; fileRef = 0A46C20D18D4E41B009D3339 /* SLBinTableViewCell.m */; };
		86A0CF965FD2451591D5A11E /* libPods.a in Frameworks */ = {isa = PBXBuildFile; fileRef = 457247BDC31B4CD5AD9516B4 /* libPods.a */; };
/* End PBXBuildFile section */

/* Begin PBXContainerItemProxy section */
		0A0DF1B218D4DCA000372732 /* PBXContainerItemProxy */ = {
			isa = PBXContainerItemProxy;
			containerPortal = 0A0DF18A18D4DCA000372732 /* Project object */;
			proxyType = 1;
			remoteGlobalIDString = 0A0DF19118D4DCA000372732;
			remoteInfo = Sail;
		};
/* End PBXContainerItemProxy section */

/* Begin PBXFileReference section */
		0A0DF19218D4DCA000372732 /* Sail.app */ = {isa = PBXFileReference; explicitFileType = wrapper.application; includeInIndex = 0; path = Sail.app; sourceTree = BUILT_PRODUCTS_DIR; };
		0A0DF19518D4DCA000372732 /* Foundation.framework */ = {isa = PBXFileReference; lastKnownFileType = wrapper.framework; name = Foundation.framework; path = System/Library/Frameworks/Foundation.framework; sourceTree = SDKROOT; };
		0A0DF19718D4DCA000372732 /* CoreGraphics.framework */ = {isa = PBXFileReference; lastKnownFileType = wrapper.framework; name = CoreGraphics.framework; path = System/Library/Frameworks/CoreGraphics.framework; sourceTree = SDKROOT; };
		0A0DF19918D4DCA000372732 /* UIKit.framework */ = {isa = PBXFileReference; lastKnownFileType = wrapper.framework; name = UIKit.framework; path = System/Library/Frameworks/UIKit.framework; sourceTree = SDKROOT; };
		0A0DF19D18D4DCA000372732 /* Sail-Info.plist */ = {isa = PBXFileReference; lastKnownFileType = text.plist.xml; path = "Sail-Info.plist"; sourceTree = "<group>"; };
		0A0DF19F18D4DCA000372732 /* en */ = {isa = PBXFileReference; lastKnownFileType = text.plist.strings; name = en; path = en.lproj/InfoPlist.strings; sourceTree = "<group>"; };
		0A0DF1A118D4DCA000372732 /* main.m */ = {isa = PBXFileReference; lastKnownFileType = sourcecode.c.objc; path = main.m; sourceTree = "<group>"; };
		0A0DF1A318D4DCA000372732 /* Sail-Prefix.pch */ = {isa = PBXFileReference; lastKnownFileType = sourcecode.c.h; path = "Sail-Prefix.pch"; sourceTree = "<group>"; };
		0A0DF1A418D4DCA000372732 /* SLAppDelegate.h */ = {isa = PBXFileReference; lastKnownFileType = sourcecode.c.h; path = SLAppDelegate.h; sourceTree = "<group>"; };
		0A0DF1A518D4DCA000372732 /* SLAppDelegate.m */ = {isa = PBXFileReference; lastKnownFileType = sourcecode.c.objc; path = SLAppDelegate.m; sourceTree = "<group>"; };
		0A0DF1A718D4DCA000372732 /* Images.xcassets */ = {isa = PBXFileReference; lastKnownFileType = folder.assetcatalog; path = Images.xcassets; sourceTree = "<group>"; };
		0A0DF1AD18D4DCA000372732 /* SailTests.xctest */ = {isa = PBXFileReference; explicitFileType = wrapper.cfbundle; includeInIndex = 0; path = SailTests.xctest; sourceTree = BUILT_PRODUCTS_DIR; };
		0A0DF1AE18D4DCA000372732 /* XCTest.framework */ = {isa = PBXFileReference; lastKnownFileType = wrapper.framework; name = XCTest.framework; path = Library/Frameworks/XCTest.framework; sourceTree = DEVELOPER_DIR; };
		0A0DF1B618D4DCA000372732 /* SailTests-Info.plist */ = {isa = PBXFileReference; lastKnownFileType = text.plist.xml; path = "SailTests-Info.plist"; sourceTree = "<group>"; };
		0A0DF1B818D4DCA000372732 /* en */ = {isa = PBXFileReference; lastKnownFileType = text.plist.strings; name = en; path = en.lproj/InfoPlist.strings; sourceTree = "<group>"; };
		0A0DF1BA18D4DCA000372732 /* SailTests.m */ = {isa = PBXFileReference; lastKnownFileType = sourcecode.c.objc; path = SailTests.m; sourceTree = "<group>"; };
		0A0DF1C418D4DEF700372732 /* SLMainTableViewController.h */ = {isa = PBXFileReference; fileEncoding = 4; lastKnownFileType = sourcecode.c.h; path = SLMainTableViewController.h; sourceTree = "<group>"; };
		0A0DF1C518D4DEF700372732 /* SLMainTableViewController.m */ = {isa = PBXFileReference; fileEncoding = 4; lastKnownFileType = sourcecode.c.objc; path = SLMainTableViewController.m; sourceTree = "<group>"; };
		0A0DF1C718D4DF6200372732 /* SLBin.h */ = {isa = PBXFileReference; fileEncoding = 4; lastKnownFileType = sourcecode.c.h; path = SLBin.h; sourceTree = "<group>"; };
		0A0DF1C818D4DF6300372732 /* SLBin.m */ = {isa = PBXFileReference; fileEncoding = 4; lastKnownFileType = sourcecode.c.objc; path = SLBin.m; sourceTree = "<group>"; };
		0A46C20618D4E387009D3339 /* SLBinCollectionView.h */ = {isa = PBXFileReference; fileEncoding = 4; lastKnownFileType = sourcecode.c.h; path = SLBinCollectionView.h; sourceTree = "<group>"; };
		0A46C20718D4E387009D3339 /* SLBinCollectionView.m */ = {isa = PBXFileReference; fileEncoding = 4; lastKnownFileType = sourcecode.c.objc; path = SLBinCollectionView.m; sourceTree = "<group>"; };
		0A46C20C18D4E41B009D3339 /* SLBinTableViewCell.h */ = {isa = PBXFileReference; fileEncoding = 4; lastKnownFileType = sourcecode.c.h; path = SLBinTableViewCell.h; sourceTree = "<group>"; };
		0A46C20D18D4E41B009D3339 /* SLBinTableViewCell.m */ = {isa = PBXFileReference; fileEncoding = 4; lastKnownFileType = sourcecode.c.objc; path = SLBinTableViewCell.m; sourceTree = "<group>"; };
		457247BDC31B4CD5AD9516B4 /* libPods.a */ = {isa = PBXFileReference; explicitFileType = archive.ar; includeInIndex = 0; path = libPods.a; sourceTree = BUILT_PRODUCTS_DIR; };
		71B5C7DC150F43B1AC21462C /* Pods.xcconfig */ = {isa = PBXFileReference; includeInIndex = 1; lastKnownFileType = text.xcconfig; name = Pods.xcconfig; path = Pods/Pods.xcconfig; sourceTree = "<group>"; };
/* End PBXFileReference section */

/* Begin PBXFrameworksBuildPhase section */
		0A0DF18F18D4DCA000372732 /* Frameworks */ = {
			isa = PBXFrameworksBuildPhase;
			buildActionMask = 2147483647;
			files = (
				0A0DF19818D4DCA000372732 /* CoreGraphics.framework in Frameworks */,
				0A0DF19A18D4DCA000372732 /* UIKit.framework in Frameworks */,
				0A0DF19618D4DCA000372732 /* Foundation.framework in Frameworks */,
				86A0CF965FD2451591D5A11E /* libPods.a in Frameworks */,
			);
			runOnlyForDeploymentPostprocessing = 0;
		};
		0A0DF1AA18D4DCA000372732 /* Frameworks */ = {
			isa = PBXFrameworksBuildPhase;
			buildActionMask = 2147483647;
			files = (
				0A0DF1AF18D4DCA000372732 /* XCTest.framework in Frameworks */,
				0A0DF1B118D4DCA000372732 /* UIKit.framework in Frameworks */,
				0A0DF1B018D4DCA000372732 /* Foundation.framework in Frameworks */,
			);
			runOnlyForDeploymentPostprocessing = 0;
		};
/* End PBXFrameworksBuildPhase section */

/* Begin PBXGroup section */
		0A0DF18918D4DCA000372732 = {
			isa = PBXGroup;
			children = (
				0A0DF19B18D4DCA000372732 /* Sail */,
				0A0DF1B418D4DCA000372732 /* SailTests */,
				0A0DF19418D4DCA000372732 /* Frameworks */,
				0A0DF19318D4DCA000372732 /* Products */,
				71B5C7DC150F43B1AC21462C /* Pods.xcconfig */,
			);
			sourceTree = "<group>";
		};
		0A0DF19318D4DCA000372732 /* Products */ = {
			isa = PBXGroup;
			children = (
				0A0DF19218D4DCA000372732 /* Sail.app */,
				0A0DF1AD18D4DCA000372732 /* SailTests.xctest */,
			);
			name = Products;
			sourceTree = "<group>";
		};
		0A0DF19418D4DCA000372732 /* Frameworks */ = {
			isa = PBXGroup;
			children = (
				0A0DF19518D4DCA000372732 /* Foundation.framework */,
				0A0DF19718D4DCA000372732 /* CoreGraphics.framework */,
				0A0DF19918D4DCA000372732 /* UIKit.framework */,
				0A0DF1AE18D4DCA000372732 /* XCTest.framework */,
				457247BDC31B4CD5AD9516B4 /* libPods.a */,
			);
			name = Frameworks;
			sourceTree = "<group>";
		};
		0A0DF19B18D4DCA000372732 /* Sail */ = {
			isa = PBXGroup;
			children = (
				0A0DF1A418D4DCA000372732 /* SLAppDelegate.h */,
				0A0DF1A518D4DCA000372732 /* SLAppDelegate.m */,
				0A0DF1C418D4DEF700372732 /* SLMainTableViewController.h */,
				0A0DF1C518D4DEF700372732 /* SLMainTableViewController.m */,
				0A0DF1C718D4DF6200372732 /* SLBin.h */,
				0A0DF1C818D4DF6300372732 /* SLBin.m */,
				0A46C20C18D4E41B009D3339 /* SLBinTableViewCell.h */,
				0A46C20D18D4E41B009D3339 /* SLBinTableViewCell.m */,
				0A46C20618D4E387009D3339 /* SLBinCollectionView.h */,
				0A46C20718D4E387009D3339 /* SLBinCollectionView.m */,
				0A0DF1A718D4DCA000372732 /* Images.xcassets */,
				0A0DF19C18D4DCA000372732 /* Supporting Files */,
			);
			path = Sail;
			sourceTree = "<group>";
		};
		0A0DF19C18D4DCA000372732 /* Supporting Files */ = {
			isa = PBXGroup;
			children = (
				0A0DF19D18D4DCA000372732 /* Sail-Info.plist */,
				0A0DF19E18D4DCA000372732 /* InfoPlist.strings */,
				0A0DF1A118D4DCA000372732 /* main.m */,
				0A0DF1A318D4DCA000372732 /* Sail-Prefix.pch */,
			);
			name = "Supporting Files";
			sourceTree = "<group>";
		};
		0A0DF1B418D4DCA000372732 /* SailTests */ = {
			isa = PBXGroup;
			children = (
				0A0DF1BA18D4DCA000372732 /* SailTests.m */,
				0A0DF1B518D4DCA000372732 /* Supporting Files */,
			);
			path = SailTests;
			sourceTree = "<group>";
		};
		0A0DF1B518D4DCA000372732 /* Supporting Files */ = {
			isa = PBXGroup;
			children = (
				0A0DF1B618D4DCA000372732 /* SailTests-Info.plist */,
				0A0DF1B718D4DCA000372732 /* InfoPlist.strings */,
			);
			name = "Supporting Files";
			sourceTree = "<group>";
		};
/* End PBXGroup section */

/* Begin PBXNativeTarget section */
		0A0DF19118D4DCA000372732 /* Sail */ = {
			isa = PBXNativeTarget;
			buildConfigurationList = 0A0DF1BE18D4DCA000372732 /* Build configuration list for PBXNativeTarget "Sail" */;
			buildPhases = (
				0DD33A4E1F244E86B94FF755 /* Check Pods Manifest.lock */,
				0A0DF18E18D4DCA000372732 /* Sources */,
				0A0DF18F18D4DCA000372732 /* Frameworks */,
				0A0DF19018D4DCA000372732 /* Resources */,
				36D246B0804A45B88AE72C92 /* Copy Pods Resources */,
			);
			buildRules = (
			);
			dependencies = (
			);
			name = Sail;
			productName = Sail;
			productReference = 0A0DF19218D4DCA000372732 /* Sail.app */;
			productType = "com.apple.product-type.application";
		};
		0A0DF1AC18D4DCA000372732 /* SailTests */ = {
			isa = PBXNativeTarget;
			buildConfigurationList = 0A0DF1C118D4DCA000372732 /* Build configuration list for PBXNativeTarget "SailTests" */;
			buildPhases = (
				0A0DF1A918D4DCA000372732 /* Sources */,
				0A0DF1AA18D4DCA000372732 /* Frameworks */,
				0A0DF1AB18D4DCA000372732 /* Resources */,
			);
			buildRules = (
			);
			dependencies = (
				0A0DF1B318D4DCA000372732 /* PBXTargetDependency */,
			);
			name = SailTests;
			productName = SailTests;
			productReference = 0A0DF1AD18D4DCA000372732 /* SailTests.xctest */;
			productType = "com.apple.product-type.bundle.unit-test";
		};
/* End PBXNativeTarget section */

/* Begin PBXProject section */
		0A0DF18A18D4DCA000372732 /* Project object */ = {
			isa = PBXProject;
			attributes = {
				CLASSPREFIX = SL;
				LastUpgradeCheck = 0500;
				ORGANIZATIONNAME = "Kevin Nguy";
				TargetAttributes = {
					0A0DF1AC18D4DCA000372732 = {
						TestTargetID = 0A0DF19118D4DCA000372732;
					};
				};
			};
			buildConfigurationList = 0A0DF18D18D4DCA000372732 /* Build configuration list for PBXProject "Sail" */;
			compatibilityVersion = "Xcode 3.2";
			developmentRegion = English;
			hasScannedForEncodings = 0;
			knownRegions = (
				en,
			);
			mainGroup = 0A0DF18918D4DCA000372732;
			productRefGroup = 0A0DF19318D4DCA000372732 /* Products */;
			projectDirPath = "";
			projectRoot = "";
			targets = (
				0A0DF19118D4DCA000372732 /* Sail */,
				0A0DF1AC18D4DCA000372732 /* SailTests */,
			);
		};
/* End PBXProject section */

/* Begin PBXResourcesBuildPhase section */
		0A0DF19018D4DCA000372732 /* Resources */ = {
			isa = PBXResourcesBuildPhase;
			buildActionMask = 2147483647;
			files = (
				0A0DF1A018D4DCA000372732 /* InfoPlist.strings in Resources */,
				0A0DF1A818D4DCA000372732 /* Images.xcassets in Resources */,
			);
			runOnlyForDeploymentPostprocessing = 0;
		};
		0A0DF1AB18D4DCA000372732 /* Resources */ = {
			isa = PBXResourcesBuildPhase;
			buildActionMask = 2147483647;
			files = (
				0A0DF1B918D4DCA000372732 /* InfoPlist.strings in Resources */,
			);
			runOnlyForDeploymentPostprocessing = 0;
		};
/* End PBXResourcesBuildPhase section */

/* Begin PBXShellScriptBuildPhase section */
		0DD33A4E1F244E86B94FF755 /* Check Pods Manifest.lock */ = {
			isa = PBXShellScriptBuildPhase;
			buildActionMask = 2147483647;
			files = (
			);
			inputPaths = (
			);
			name = "Check Pods Manifest.lock";
			outputPaths = (
			);
			runOnlyForDeploymentPostprocessing = 0;
			shellPath = /bin/sh;
			shellScript = "diff \"${PODS_ROOT}/../Podfile.lock\" \"${PODS_ROOT}/Manifest.lock\" > /dev/null\nif [[ $? != 0 ]] ; then\n    cat << EOM\nerror: The sandbox is not in sync with the Podfile.lock. Run 'pod install' or update your CocoaPods installation.\nEOM\n    exit 1\nfi\n";
			showEnvVarsInLog = 0;
		};
		36D246B0804A45B88AE72C92 /* Copy Pods Resources */ = {
			isa = PBXShellScriptBuildPhase;
			buildActionMask = 2147483647;
			files = (
			);
			inputPaths = (
			);
			name = "Copy Pods Resources";
			outputPaths = (
			);
			runOnlyForDeploymentPostprocessing = 0;
			shellPath = /bin/sh;
			shellScript = "\"${SRCROOT}/Pods/Pods-resources.sh\"\n";
			showEnvVarsInLog = 0;
		};
/* End PBXShellScriptBuildPhase section */

/* Begin PBXSourcesBuildPhase section */
		0A0DF18E18D4DCA000372732 /* Sources */ = {
			isa = PBXSourcesBuildPhase;
			buildActionMask = 2147483647;
			files = (
				0A0DF1C618D4DEF700372732 /* SLMainTableViewController.m in Sources */,
				0A0DF1A218D4DCA000372732 /* main.m in Sources */,
				0A46C20E18D4E41B009D3339 /* SLBinTableViewCell.m in Sources */,
				0A0DF1C918D4DF6300372732 /* SLBin.m in Sources */,
				0A0DF1A618D4DCA000372732 /* SLAppDelegate.m in Sources */,
				0A46C20818D4E387009D3339 /* SLBinCollectionView.m in Sources */,
			);
			runOnlyForDeploymentPostprocessing = 0;
		};
		0A0DF1A918D4DCA000372732 /* Sources */ = {
			isa = PBXSourcesBuildPhase;
			buildActionMask = 2147483647;
			files = (
				0A0DF1BB18D4DCA000372732 /* SailTests.m in Sources */,
			);
			runOnlyForDeploymentPostprocessing = 0;
		};
/* End PBXSourcesBuildPhase section */

/* Begin PBXTargetDependency section */
		0A0DF1B318D4DCA000372732 /* PBXTargetDependency */ = {
			isa = PBXTargetDependency;
			target = 0A0DF19118D4DCA000372732 /* Sail */;
			targetProxy = 0A0DF1B218D4DCA000372732 /* PBXContainerItemProxy */;
		};
/* End PBXTargetDependency section */

/* Begin PBXVariantGroup section */
		0A0DF19E18D4DCA000372732 /* InfoPlist.strings */ = {
			isa = PBXVariantGroup;
			children = (
				0A0DF19F18D4DCA000372732 /* en */,
			);
			name = InfoPlist.strings;
			sourceTree = "<group>";
		};
		0A0DF1B718D4DCA000372732 /* InfoPlist.strings */ = {
			isa = PBXVariantGroup;
			children = (
				0A0DF1B818D4DCA000372732 /* en */,
			);
			name = InfoPlist.strings;
			sourceTree = "<group>";
		};
/* End PBXVariantGroup section */

/* Begin XCBuildConfiguration section */
		0A0DF1BC18D4DCA000372732 /* Debug */ = {
			isa = XCBuildConfiguration;
			buildSettings = {
				ALWAYS_SEARCH_USER_PATHS = NO;
				ARCHS = "$(ARCHS_STANDARD_INCLUDING_64_BIT)";
				CLANG_CXX_LANGUAGE_STANDARD = "gnu++0x";
				CLANG_CXX_LIBRARY = "libc++";
				CLANG_ENABLE_MODULES = YES;
				CLANG_ENABLE_OBJC_ARC = YES;
				CLANG_WARN_BOOL_CONVERSION = YES;
				CLANG_WARN_CONSTANT_CONVERSION = YES;
				CLANG_WARN_DIRECT_OBJC_ISA_USAGE = YES_ERROR;
				CLANG_WARN_EMPTY_BODY = YES;
				CLANG_WARN_ENUM_CONVERSION = YES;
				CLANG_WARN_INT_CONVERSION = YES;
				CLANG_WARN_OBJC_ROOT_CLASS = YES_ERROR;
				CLANG_WARN__DUPLICATE_METHOD_MATCH = YES;
				"CODE_SIGN_IDENTITY[sdk=iphoneos*]" = "iPhone Developer";
				COPY_PHASE_STRIP = NO;
				GCC_C_LANGUAGE_STANDARD = gnu99;
				GCC_DYNAMIC_NO_PIC = NO;
				GCC_OPTIMIZATION_LEVEL = 0;
				GCC_PREPROCESSOR_DEFINITIONS = (
					"DEBUG=1",
					"$(inherited)",
				);
				GCC_SYMBOLS_PRIVATE_EXTERN = NO;
				GCC_WARN_64_TO_32_BIT_CONVERSION = YES;
				GCC_WARN_ABOUT_RETURN_TYPE = YES_ERROR;
				GCC_WARN_UNDECLARED_SELECTOR = YES;
				GCC_WARN_UNINITIALIZED_AUTOS = YES;
				GCC_WARN_UNUSED_FUNCTION = YES;
				GCC_WARN_UNUSED_VARIABLE = YES;
				IPHONEOS_DEPLOYMENT_TARGET = 7.0;
				ONLY_ACTIVE_ARCH = YES;
				SDKROOT = iphoneos;
				TARGETED_DEVICE_FAMILY = "1,2";
			};
			name = Debug;
		};
		0A0DF1BD18D4DCA000372732 /* Release */ = {
			isa = XCBuildConfiguration;
			buildSettings = {
				ALWAYS_SEARCH_USER_PATHS = NO;
				ARCHS = "$(ARCHS_STANDARD_INCLUDING_64_BIT)";
				CLANG_CXX_LANGUAGE_STANDARD = "gnu++0x";
				CLANG_CXX_LIBRARY = "libc++";
				CLANG_ENABLE_MODULES = YES;
				CLANG_ENABLE_OBJC_ARC = YES;
				CLANG_WARN_BOOL_CONVERSION = YES;
				CLANG_WARN_CONSTANT_CONVERSION = YES;
				CLANG_WARN_DIRECT_OBJC_ISA_USAGE = YES_ERROR;
				CLANG_WARN_EMPTY_BODY = YES;
				CLANG_WARN_ENUM_CONVERSION = YES;
				CLANG_WARN_INT_CONVERSION = YES;
				CLANG_WARN_OBJC_ROOT_CLASS = YES_ERROR;
				CLANG_WARN__DUPLICATE_METHOD_MATCH = YES;
				"CODE_SIGN_IDENTITY[sdk=iphoneos*]" = "iPhone Developer";
				COPY_PHASE_STRIP = YES;
				ENABLE_NS_ASSERTIONS = NO;
				GCC_C_LANGUAGE_STANDARD = gnu99;
				GCC_WARN_64_TO_32_BIT_CONVERSION = YES;
				GCC_WARN_ABOUT_RETURN_TYPE = YES_ERROR;
				GCC_WARN_UNDECLARED_SELECTOR = YES;
				GCC_WARN_UNINITIALIZED_AUTOS = YES;
				GCC_WARN_UNUSED_FUNCTION = YES;
				GCC_WARN_UNUSED_VARIABLE = YES;
				IPHONEOS_DEPLOYMENT_TARGET = 7.0;
				SDKROOT = iphoneos;
				TARGETED_DEVICE_FAMILY = "1,2";
				VALIDATE_PRODUCT = YES;
			};
			name = Release;
		};
		0A0DF1BF18D4DCA000372732 /* Debug */ = {
			isa = XCBuildConfiguration;
			baseConfigurationReference = 71B5C7DC150F43B1AC21462C /* Pods.xcconfig */;
			buildSettings = {
				ASSETCATALOG_COMPILER_APPICON_NAME = AppIcon;
				ASSETCATALOG_COMPILER_LAUNCHIMAGE_NAME = LaunchImage;
				GCC_PRECOMPILE_PREFIX_HEADER = YES;
				GCC_PREFIX_HEADER = "Sail/Sail-Prefix.pch";
				INFOPLIST_FILE = "Sail/Sail-Info.plist";
				PRODUCT_NAME = "$(TARGET_NAME)";
				WRAPPER_EXTENSION = app;
			};
			name = Debug;
		};
		0A0DF1C018D4DCA000372732 /* Release */ = {
			isa = XCBuildConfiguration;
			baseConfigurationReference = 71B5C7DC150F43B1AC21462C /* Pods.xcconfig */;
			buildSettings = {
				ASSETCATALOG_COMPILER_APPICON_NAME = AppIcon;
				ASSETCATALOG_COMPILER_LAUNCHIMAGE_NAME = LaunchImage;
				GCC_PRECOMPILE_PREFIX_HEADER = YES;
				GCC_PREFIX_HEADER = "Sail/Sail-Prefix.pch";
				INFOPLIST_FILE = "Sail/Sail-Info.plist";
				PRODUCT_NAME = "$(TARGET_NAME)";
				WRAPPER_EXTENSION = app;
			};
			name = Release;
		};
		0A0DF1C218D4DCA000372732 /* Debug */ = {
			isa = XCBuildConfiguration;
			buildSettings = {
				ARCHS = "$(ARCHS_STANDARD_INCLUDING_64_BIT)";
				BUNDLE_LOADER = "$(BUILT_PRODUCTS_DIR)/Sail.app/Sail";
				FRAMEWORK_SEARCH_PATHS = (
					"$(SDKROOT)/Developer/Library/Frameworks",
					"$(inherited)",
					"$(DEVELOPER_FRAMEWORKS_DIR)",
				);
				GCC_PRECOMPILE_PREFIX_HEADER = YES;
				GCC_PREFIX_HEADER = "Sail/Sail-Prefix.pch";
				GCC_PREPROCESSOR_DEFINITIONS = (
					"DEBUG=1",
					"$(inherited)",
				);
				INFOPLIST_FILE = "SailTests/SailTests-Info.plist";
				PRODUCT_NAME = "$(TARGET_NAME)";
				TEST_HOST = "$(BUNDLE_LOADER)";
				WRAPPER_EXTENSION = xctest;
			};
			name = Debug;
		};
		0A0DF1C318D4DCA000372732 /* Release */ = {
			isa = XCBuildConfiguration;
			buildSettings = {
				ARCHS = "$(ARCHS_STANDARD_INCLUDING_64_BIT)";
				BUNDLE_LOADER = "$(BUILT_PRODUCTS_DIR)/Sail.app/Sail";
				FRAMEWORK_SEARCH_PATHS = (
					"$(SDKROOT)/Developer/Library/Frameworks",
					"$(inherited)",
					"$(DEVELOPER_FRAMEWORKS_DIR)",
				);
				GCC_PRECOMPILE_PREFIX_HEADER = YES;
				GCC_PREFIX_HEADER = "Sail/Sail-Prefix.pch";
				INFOPLIST_FILE = "SailTests/SailTests-Info.plist";
				PRODUCT_NAME = "$(TARGET_NAME)";
				TEST_HOST = "$(BUNDLE_LOADER)";
				WRAPPER_EXTENSION = xctest;
			};
			name = Release;
		};
/* End XCBuildConfiguration section */

/* Begin XCConfigurationList section */
		0A0DF18D18D4DCA000372732 /* Build configuration list for PBXProject "Sail" */ = {
			isa = XCConfigurationList;
			buildConfigurations = (
				0A0DF1BC18D4DCA000372732 /* Debug */,
				0A0DF1BD18D4DCA000372732 /* Release */,
			);
			defaultConfigurationIsVisible = 0;
			defaultConfigurationName = Release;
		};
		0A0DF1BE18D4DCA000372732 /* Build configuration list for PBXNativeTarget "Sail" */ = {
			isa = XCConfigurationList;
			buildConfigurations = (
				0A0DF1BF18D4DCA000372732 /* Debug */,
				0A0DF1C018D4DCA000372732 /* Release */,
			);
			defaultConfigurationIsVisible = 0;
			defaultConfigurationName = Release;
		};
		0A0DF1C118D4DCA000372732 /* Build configuration list for PBXNativeTarget "SailTests" */ = {
			isa = XCConfigurationList;
			buildConfigurations = (
				0A0DF1C218D4DCA000372732 /* Debug */,
				0A0DF1C318D4DCA000372732 /* Release */,
			);
			defaultConfigurationIsVisible = 0;
			defaultConfigurationName = Release;
		};
/* End XCConfigurationList section */
	};
	rootObject = 0A0DF18A18D4DCA000372732 /* Project object */;
}
